PODS:
  - ZXingObjC (3.6.5):
    - ZXingObjC/All (= 3.6.5)
  - ZXingObjC/All (3.6.5)

DEPENDENCIES:
  - ZXingObjC (~> 3.6.4)

SPEC REPOS:
  trunk:
    - ZXingObjC

SPEC CHECKSUMS:
  ZXingObjC: fdbb269f25dd2032da343e06f10224d62f537bdb

PODFILE CHECKSUM: 74ca75b2fe7a00eadf2a45d16efaeef7eea5eb45

COCOAPODS: 1.10.1
